// !$*UTF8*$!
{
	archiveVersion = 1;
	classes = {
	};
	objectVersion = 46;
	objects = {

/* Begin PBXBuildFile section */
		AD1AA5C719FD03C600C48D73 /* main.m in Sources */ = {isa = PBXBuildFile; fileRef = AD1AA5C619FD03C600C48D73 /* main.m */; };
		AD1AA5CF19FD06D400C48D73 /* readline.c in Sources */ = {isa = PBXBuildFile; fileRef = AD1AA5CE19FD06D400C48D73 /* readline.c */; };
		AD31FB6619FD07F700EB7CDD /* security.c in Sources */ = {isa = PBXBuildFile; fileRef = AD31FB6519FD07F700EB7CDD /* security.c */; };
		AD31FB7019FD0D6500EB7CDD /* secErrorStr.c in Sources */ = {isa = PBXBuildFile; fileRef = AD31FB6F19FD0D6500EB7CDD /* secErrorStr.c */; };
/* End PBXBuildFile section */

/* Begin PBXCopyFilesBuildPhase section */
		AD1AA5C119FD03C600C48D73 /* CopyFiles */ = {
			isa = PBXCopyFilesBuildPhase;
			buildActionMask = 2147483647;
			dstPath = /usr/share/man/man1/;
			dstSubfolderSpec = 0;
			files = (
			);
			runOnlyForDeploymentPostprocessing = 1;
		};
/* End PBXCopyFilesBuildPhase section */

/* Begin PBXFileReference section */
		AD1AA5C319FD03C600C48D73 /* create-keychain */ = {isa = PBXFileReference; explicitFileType = "compiled.mach-o.executable"; includeInIndex = 0; path = "create-keychain"; sourceTree = BUILT_PRODUCTS_DIR; };
		AD1AA5C619FD03C600C48D73 /* main.m */ = {isa = PBXFileReference; lastKnownFileType = sourcecode.c.objc; path = main.m; sourceTree = "<group>"; };
		AD1AA5CD19FD06A300C48D73 /* readline.h */ = {isa = PBXFileReference; fileEncoding = 4; lastKnownFileType = sourcecode.c.h; path = readline.h; sourceTree = "<group>"; };
		AD1AA5CE19FD06D400C48D73 /* readline.c */ = {isa = PBXFileReference; fileEncoding = 4; lastKnownFileType = sourcecode.c.c; path = readline.c; sourceTree = "<group>"; };
		AD1AA5D019FD071C00C48D73 /* security.h */ = {isa = PBXFileReference; lastKnownFileType = sourcecode.c.h; path = security.h; sourceTree = "<group>"; };
		AD31FB6519FD07F700EB7CDD /* security.c */ = {isa = PBXFileReference; fileEncoding = 4; lastKnownFileType = sourcecode.c.c; path = security.c; sourceTree = "<group>"; };
		AD31FB6719FD091B00EB7CDD /* secerr.h */ = {isa = PBXFileReference; lastKnownFileType = sourcecode.c.h; path = secerr.h; sourceTree = "<group>"; };
		AD31FB6819FD095B00EB7CDD /* prerror.h */ = {isa = PBXFileReference; lastKnownFileType = sourcecode.c.h; path = prerror.h; sourceTree = "<group>"; };
		AD31FB6919FD09B400EB7CDD /* prtypes.h */ = {isa = PBXFileReference; lastKnownFileType = sourcecode.c.h; path = prtypes.h; sourceTree = "<group>"; };
		AD31FB6A19FD09DC00EB7CDD /* prcpucfg.h */ = {isa = PBXFileReference; lastKnownFileType = sourcecode.c.h; path = prcpucfg.h; sourceTree = "<group>"; };
		AD31FB6B19FD0A4100EB7CDD /* protypes.h */ = {isa = PBXFileReference; lastKnownFileType = sourcecode.c.h; path = protypes.h; sourceTree = "<group>"; };
		AD31FB6C19FD0A9200EB7CDD /* Security.framework */ = {isa = PBXFileReference; lastKnownFileType = wrapper.framework; name = Security.framework; path = System/Library/Frameworks/Security.framework; sourceTree = SDKROOT; };
		AD31FB6E19FD0B2600EB7CDD /* prerr.h */ = {isa = PBXFileReference; lastKnownFileType = sourcecode.c.h; name = prerr.h; path = "../../../Downloads/Security-55471.14.18/libsecurity_asn1/lib/prerr.h"; sourceTree = "<group>"; };
		AD31FB6F19FD0D6500EB7CDD /* secErrorStr.c */ = {isa = PBXFileReference; fileEncoding = 4; lastKnownFileType = sourcecode.c.c; path = secErrorStr.c; sourceTree = "<group>"; };
		AD31FBBF19FD1CD200EB7CDD /* cspclient.h */ = {isa = PBXFileReference; lastKnownFileType = sourcecode.c.h; path = cspclient.h; sourceTree = "<group>"; };
		AD31FBC019FD1ED400EB7CDD /* seccfobject.h */ = {isa = PBXFileReference; lastKnownFileType = sourcecode.c.h; path = seccfobject.h; sourceTree = "<group>"; };
/* End PBXFileReference section */

/* Begin PBXFrameworksBuildPhase section */
		AD1AA5C019FD03C600C48D73 /* Frameworks */ = {
			isa = PBXFrameworksBuildPhase;
			buildActionMask = 2147483647;
			files = (
			);
			runOnlyForDeploymentPostprocessing = 0;
		};
/* End PBXFrameworksBuildPhase section */

/* Begin PBXGroup section */
		AD1AA5BA19FD03C600C48D73 = {
			isa = PBXGroup;
			children = (
				AD31FB6C19FD0A9200EB7CDD /* Security.framework */,
				AD1AA5C519FD03C600C48D73 /* create-keychain */,
				AD1AA5C419FD03C600C48D73 /* Products */,
			);
			sourceTree = "<group>";
		};
		AD1AA5C419FD03C600C48D73 /* Products */ = {
			isa = PBXGroup;
			children = (
				AD1AA5C319FD03C600C48D73 /* create-keychain */,
			);
			name = Products;
			sourceTree = "<group>";
		};
		AD1AA5C519FD03C600C48D73 /* create-keychain */ = {
			isa = PBXGroup;
			children = (
				AD1AA5CE19FD06D400C48D73 /* readline.c */,
				AD31FB6719FD091B00EB7CDD /* secerr.h */,
				AD31FB6F19FD0D6500EB7CDD /* secErrorStr.c */,
				AD31FB6B19FD0A4100EB7CDD /* protypes.h */,
				AD31FBBF19FD1CD200EB7CDD /* cspclient.h */,
				AD31FB6819FD095B00EB7CDD /* prerror.h */,
				AD31FB6E19FD0B2600EB7CDD /* prerr.h */,
				AD31FB6A19FD09DC00EB7CDD /* prcpucfg.h */,
				AD31FBC019FD1ED400EB7CDD /* seccfobject.h */,
				AD31FB6919FD09B400EB7CDD /* prtypes.h */,
				AD1AA5D019FD071C00C48D73 /* security.h */,
				AD31FB6519FD07F700EB7CDD /* security.c */,
				AD1AA5C619FD03C600C48D73 /* main.m */,
				AD1AA5CD19FD06A300C48D73 /* readline.h */,
			);
			path = "create-keychain";
			sourceTree = "<group>";
		};
/* End PBXGroup section */

/* Begin PBXNativeTarget section */
		AD1AA5C219FD03C600C48D73 /* create-keychain */ = {
			isa = PBXNativeTarget;
			buildConfigurationList = AD1AA5CA19FD03C600C48D73 /* Build configuration list for PBXNativeTarget "create-keychain" */;
			buildPhases = (
				AD1AA5BF19FD03C600C48D73 /* Sources */,
				AD1AA5C019FD03C600C48D73 /* Frameworks */,
				AD1AA5C119FD03C600C48D73 /* CopyFiles */,
			);
			buildRules = (
			);
			dependencies = (
			);
			name = "create-keychain";
			productName = "create-keychain";
			productReference = AD1AA5C319FD03C600C48D73 /* create-keychain */;
			productType = "com.apple.product-type.tool";
		};
/* End PBXNativeTarget section */

/* Begin PBXProject section */
		AD1AA5BB19FD03C600C48D73 /* Project object */ = {
			isa = PBXProject;
			attributes = {
				LastUpgradeCheck = 0600;
				ORGANIZATIONNAME = "Ilian Iliev";
				TargetAttributes = {
					AD1AA5C219FD03C600C48D73 = {
						CreatedOnToolsVersion = 6.0.1;
					};
				};
			};
			buildConfigurationList = AD1AA5BE19FD03C600C48D73 /* Build configuration list for PBXProject "create-keychain" */;
			compatibilityVersion = "Xcode 3.2";
			developmentRegion = English;
			hasScannedForEncodings = 0;
			knownRegions = (
				en,
			);
			mainGroup = AD1AA5BA19FD03C600C48D73;
			productRefGroup = AD1AA5C419FD03C600C48D73 /* Products */;
			projectDirPath = "";
			projectRoot = "";
			targets = (
				AD1AA5C219FD03C600C48D73 /* create-keychain */,
			);
		};
/* End PBXProject section */

/* Begin PBXSourcesBuildPhase section */
		AD1AA5BF19FD03C600C48D73 /* Sources */ = {
			isa = PBXSourcesBuildPhase;
			buildActionMask = 2147483647;
			files = (
				AD31FB7019FD0D6500EB7CDD /* secErrorStr.c in Sources */,
				AD31FB6619FD07F700EB7CDD /* security.c in Sources */,
				AD1AA5C719FD03C600C48D73 /* main.m in Sources */,
				AD1AA5CF19FD06D400C48D73 /* readline.c in Sources */,
			);
			runOnlyForDeploymentPostprocessing = 0;
		};
/* End PBXSourcesBuildPhase section */

/* Begin XCBuildConfiguration section */
		AD1AA5C819FD03C600C48D73 /* Debug */ = {
			isa = XCBuildConfiguration;
			buildSettings = {
				ALWAYS_SEARCH_USER_PATHS = NO;
				CLANG_CXX_LANGUAGE_STANDARD = "gnu++0x";
				CLANG_CXX_LIBRARY = "libc++";
				CLANG_ENABLE_MODULES = YES;
				CLANG_ENABLE_OBJC_ARC = YES;
				CLANG_WARN_BOOL_CONVERSION = YES;
				CLANG_WARN_CONSTANT_CONVERSION = YES;
				CLANG_WARN_DIRECT_OBJC_ISA_USAGE = YES_ERROR;
				CLANG_WARN_EMPTY_BODY = YES;
				CLANG_WARN_ENUM_CONVERSION = YES;
				CLANG_WARN_INT_CONVERSION = YES;
				CLANG_WARN_OBJC_ROOT_CLASS = YES_ERROR;
				CLANG_WARN_UNREACHABLE_CODE = YES;
				CLANG_WARN__DUPLICATE_METHOD_MATCH = YES;
				COPY_PHASE_STRIP = NO;
				ENABLE_STRICT_OBJC_MSGSEND = YES;
				GCC_C_LANGUAGE_STANDARD = gnu99;
				GCC_DYNAMIC_NO_PIC = NO;
				GCC_OPTIMIZATION_LEVEL = 0;
				GCC_PREPROCESSOR_DEFINITIONS = (
					"DEBUG=1",
					"$(inherited)",
				);
				GCC_SYMBOLS_PRIVATE_EXTERN = NO;
				GCC_WARN_64_TO_32_BIT_CONVERSION = YES;
				GCC_WARN_ABOUT_RETURN_TYPE = YES_ERROR;
				GCC_WARN_UNDECLARED_SELECTOR = YES;
				GCC_WARN_UNINITIALIZED_AUTOS = YES_AGGRESSIVE;
				GCC_WARN_UNUSED_FUNCTION = YES;
				GCC_WARN_UNUSED_VARIABLE = YES;
				MACOSX_DEPLOYMENT_TARGET = 10.10;
				MTL_ENABLE_DEBUG_INFO = YES;
				ONLY_ACTIVE_ARCH = YES;
				SDKROOT = macosx;
			};
			name = Debug;
		};
		AD1AA5C919FD03C600C48D73 /* Release */ = {
			isa = XCBuildConfiguration;
			buildSettings = {
				ALWAYS_SEARCH_USER_PATHS = NO;
				CLANG_CXX_LANGUAGE_STANDARD = "gnu++0x";
				CLANG_CXX_LIBRARY = "libc++";
				CLANG_ENABLE_MODULES = YES;
				CLANG_ENABLE_OBJC_ARC = YES;
				CLANG_WARN_BOOL_CONVERSION = YES;
				CLANG_WARN_CONSTANT_CONVERSION = YES;
				CLANG_WARN_DIRECT_OBJC_ISA_USAGE = YES_ERROR;
				CLANG_WARN_EMPTY_BODY = YES;
				CLANG_WARN_ENUM_CONVERSION = YES;
				CLANG_WARN_INT_CONVERSION = YES;
				CLANG_WARN_OBJC_ROOT_CLASS = YES_ERROR;
				CLANG_WARN_UNREACHABLE_CODE = YES;
				CLANG_WARN__DUPLICATE_METHOD_MATCH = YES;
				COPY_PHASE_STRIP = YES;
				DEBUG_INFORMATION_FORMAT = "dwarf-with-dsym";
				ENABLE_NS_ASSERTIONS = NO;
				ENABLE_STRICT_OBJC_MSGSEND = YES;
				GCC_C_LANGUAGE_STANDARD = gnu99;
				GCC_WARN_64_TO_32_BIT_CONVERSION = YES;
				GCC_WARN_ABOUT_RETURN_TYPE = YES_ERROR;
				GCC_WARN_UNDECLARED_SELECTOR = YES;
				GCC_WARN_UNINITIALIZED_AUTOS = YES_AGGRESSIVE;
				GCC_WARN_UNUSED_FUNCTION = YES;
				GCC_WARN_UNUSED_VARIABLE = YES;
				MACOSX_DEPLOYMENT_TARGET = 10.10;
				MTL_ENABLE_DEBUG_INFO = NO;
				SDKROOT = macosx;
			};
			name = Release;
		};
		AD1AA5CB19FD03C600C48D73 /* Debug */ = {
			isa = XCBuildConfiguration;
			buildSettings = {
				"HEADER_SEARCH_PATHS[arch=*]" = (
					"$(inherited)",
					"/Users/ilianiliev/Downloads/Security-55471.14.18",
				);
				PRODUCT_NAME = "$(TARGET_NAME)";
			};
			name = Debug;
		};
		AD1AA5CC19FD03C600C48D73 /* Release */ = {
			isa = XCBuildConfiguration;
			buildSettings = {
				PRODUCT_NAME = "$(TARGET_NAME)";
			};
			name = Release;
		};
/* End XCBuildConfiguration section */

/* Begin XCConfigurationList section */
		AD1AA5BE19FD03C600C48D73 /* Build configuration list for PBXProject "create-keychain" */ = {
			isa = XCConfigurationList;
			buildConfigurations = (
				AD1AA5C819FD03C600C48D73 /* Debug */,
				AD1AA5C919FD03C600C48D73 /* Release */,
			);
			defaultConfigurationIsVisible = 0;
			defaultConfigurationName = Release;
		};
		AD1AA5CA19FD03C600C48D73 /* Build configuration list for PBXNativeTarget "create-keychain" */ = {
			isa = XCConfigurationList;
			buildConfigurations = (
				AD1AA5CB19FD03C600C48D73 /* Debug */,
				AD1AA5CC19FD03C600C48D73 /* Release */,
			);
			defaultConfigurationIsVisible = 0;
			defaultConfigurationName = Release;
		};
/* End XCConfigurationList section */
	};
	rootObject = AD1AA5BB19FD03C600C48D73 /* Project object */;
}
